#MicroXplorer Configuration settings - do not modify
Mcu.Family=STM32F4
VP_SYS_VS_tim9.Signal=SYS_VS_tim9
RCC.VCOOutputFreq_Value=192000000
NVIC.SysTick_IRQn=true\:15\:0\:false\:false\:false\:true\:false\:true
ProjectManager.LastFirmware=true
ProjectManager.MainLocation=Core/Src
ProjectManager.FirmwarePackage=STM32Cube FW_F4 V1.26.2
MxDb.Version=DB.6.0.21
ProjectManager.ProjectFileName=Project1_withFreeRTOS.ioc
NVIC.SavedSystickIrqHandlerGenerated=true
RCC.APB2Freq_Value=16000000
RCC.CortexFreq_Value=16000000
ProjectManager.BackupPrevious=false
FREERTOS.Tasks01=master,24,128,masterFunction,Default,NULL,Dynamic,NULL,NULL;slave,24,128,slaveFunction,Default,NULL,Dynamic,NULL,NULL;commandInterpre,24,128,commandInterpreterFunction,Default,NULL,Dynamic,NULL,NULL
MxCube.Version=6.2.1
RCC.VCOInputFreq_Value=1000000
ProjectManager.KeepUserCode=true
Mcu.UserName=STM32F411RETx
Mcu.PinsNb=2
ProjectManager.NoMain=false
File.Version=6
NVIC.SavedSvcallIrqHandlerGenerated=true
RCC.PLLCLKFreq_Value=96000000
NVIC.NonMaskableInt_IRQn=true\:0\:0\:false\:false\:true\:false\:false\:false
RCC.PLLQCLKFreq_Value=48000000
NVIC.PendSV_IRQn=true\:15\:0\:false\:false\:false\:true\:false\:false
ProjectManager.functionlistsort=1-SystemClock_Config-RCC-false-HAL-false
RCC.RTCFreq_Value=32000
ProjectManager.FreePins=false
RCC.IPParameters=AHBFreq_Value,APB1Freq_Value,APB2Freq_Value,CortexFreq_Value,FamilyName,HSE_VALUE,HSI_VALUE,I2SClocksFreq_Value,LSE_VALUE,LSI_VALUE,PLLCLKFreq_Value,PLLQCLKFreq_Value,RTCFreq_Value,RTCHSEDivFreq_Value,SYSCLKFreq_VALUE,VCOI2SOutputFreq_Value,VCOInputFreq_Value,VCOInputMFreq_Value,VCOOutputFreq_Value,VcooutputI2S
ProjectManager.DefaultFWLocation=true
ProjectManager.AskForMigrate=true
Mcu.Name=STM32F411R(C-E)Tx
ProjectManager.HalAssertFull=false
NVIC.TIM1_BRK_TIM9_IRQn=true\:0\:0\:false\:false\:true\:false\:false\:true
NVIC.SavedPendsvIrqHandlerGenerated=true
RCC.RTCHSEDivFreq_Value=12500000
ProjectManager.DeletePrevious=true
ProjectManager.ProjectName=Project1_withFreeRTOS
ProjectManager.UnderRoot=true
VP_FREERTOS_VS_CMSIS_V2.Signal=FREERTOS_VS_CMSIS_V2
ProjectManager.CoupleFile=false
RCC.SYSCLKFreq_VALUE=16000000
PinOutPanel.RotationAngle=0
Mcu.Package=LQFP64
RCC.FamilyName=M
ProjectManager.StackSize=0x400
NVIC.TimeBase=TIM1_BRK_TIM9_IRQn
VP_FREERTOS_VS_CMSIS_V2.Mode=CMSIS_V2
NVIC.ForceEnableDMAVector=true
KeepUserPlacement=false
VP_SYS_VS_tim9.Mode=TIM9
NVIC.MemoryManagement_IRQn=true\:0\:0\:false\:false\:true\:false\:false\:false
ProjectManager.CompilerOptimize=6
NVIC.SVCall_IRQn=true\:0\:0\:false\:false\:false\:false\:false\:false
Mcu.IP2=RCC
ProjectManager.ToolChainLocation=
RCC.LSI_VALUE=32000
Mcu.IP3=SYS
Mcu.IP0=FREERTOS
NVIC.TimeBaseIP=TIM9
Mcu.IP1=NVIC
FREERTOS.FootprintOK=true
ProjectManager.HeapSize=0x200
NVIC.HardFault_IRQn=true\:0\:0\:false\:false\:true\:false\:false\:false
Mcu.UserConstants=
ProjectManager.TargetToolchain=STM32CubeIDE
ProjectManager.ComputerToolchain=false
RCC.HSI_VALUE=16000000
Mcu.ThirdPartyNb=0
NVIC.PriorityGroup=NVIC_PRIORITYGROUP_4
Mcu.IPNb=4
RCC.I2SClocksFreq_Value=96000000
ProjectManager.PreviousToolchain=
RCC.VcooutputI2S=96000000
NVIC.BusFault_IRQn=true\:0\:0\:false\:false\:true\:false\:false\:false
RCC.VCOInputMFreq_Value=1000000
ProjectManager.RegisterCallBack=
FREERTOS.IPParameters=Tasks01,FootprintOK
RCC.LSE_VALUE=32768
RCC.APB1Freq_Value=16000000
RCC.AHBFreq_Value=16000000
Mcu.Pin0=VP_FREERTOS_VS_CMSIS_V2
Mcu.Pin1=VP_SYS_VS_tim9
ProjectManager.CustomerFirmwarePackage=
ProjectManager.DeviceId=STM32F411RETx
RCC.VCOI2SOutputFreq_Value=192000000
ProjectManager.LibraryCopy=1
ProjectManager.ProjectBuild=false
RCC.HSE_VALUE=25000000
NVIC.UsageFault_IRQn=true\:0\:0\:false\:false\:true\:false\:false\:false
NVIC.DebugMonitor_IRQn=true\:0\:0\:false\:false\:true\:false\:false\:false
board=custom
isbadioc=false
